
Microsoft Visual Studio Solution File, Format Version 12.00
# Visual Studio Version 17
VisualStudioVersion = 17.0.32112.339
MinimumVisualStudioVersion = 10.0.40219.1
Project("{8BC9CEB8-8B4A-11D0-8D11-00A0C91BC942}") = "ProApp", "ProApp\ProApp.vcxproj", "{F1D7A7E2-9DBF-41C9-BDF2-65A95A4E0810}"
EndProject
Project("{54435603-DBB4-11D2-8724-00A0C9A8B90C}") = "ProAppx64", "ProAppx64\ProAppx64.vdproj", "{0E7684F6-897E-4D5A-B164-45BEAB876B19}"
EndProject
Global
	GlobalSection(SolutionConfigurationPlatforms) = preSolution
		Debug|x64 = Debug|x64
		Debug|x86 = Debug|x86
		Release|x64 = Release|x64
		Release|x86 = Release|x86
	EndGlobalSection
	GlobalSection(ProjectConfigurationPlatforms) = postSolution
		{F1D7A7E2-9DBF-41C9-BDF2-65A95A4E0810}.Debug|x64.ActiveCfg = Debug|x64
		{F1D7A7E2-9DBF-41C9-BDF2-65A95A4E0810}.Debug|x64.Build.0 = Debug|x64
		{F1D7A7E2-9DBF-41C9-BDF2-65A95A4E0810}.Debug|x86.ActiveCfg = Debug|Win32
		{F1D7A7E2-9DBF-41C9-BDF2-65A95A4E0810}.Debug|x86.Build.0 = Debug|Win32
		{F1D7A7E2-9DBF-41C9-BDF2-65A95A4E0810}.Release|x64.ActiveCfg = Release|x64
		{F1D7A7E2-9DBF-41C9-BDF2-65A95A4E0810}.Release|x64.Build.0 = Release|x64
		{F1D7A7E2-9DBF-41C9-BDF2-65A95A4E0810}.Release|x86.ActiveCfg = Release|Win32
		{F1D7A7E2-9DBF-41C9-BDF2-65A95A4E0810}.Release|x86.Build.0 = Release|Win32
		{0E7684F6-897E-4D5A-B164-45BEAB876B19}.Debug|x64.ActiveCfg = Debug
		{0E7684F6-897E-4D5A-B164-45BEAB876B19}.Debug|x86.ActiveCfg = Debug
		{0E7684F6-897E-4D5A-B164-45BEAB876B19}.Release|x64.ActiveCfg = Release
		{0E7684F6-897E-4D5A-B164-45BEAB876B19}.Release|x86.ActiveCfg = Release
	EndGlobalSection
	GlobalSection(SolutionProperties) = preSolution
		HideSolutionNode = FALSE
	EndGlobalSection
	GlobalSection(ExtensibilityGlobals) = postSolution
		SolutionGuid = {9944F0F1-E331-44D9-816C-28BDD12250D6}
	EndGlobalSection
EndGlobal
